Microsoft Visual Studio Solution File, Format Version 11.00
# Visual Studio 2010
Project("{8BC9CEB8-8B4A-11D0-8D11-00A0C91BC942}") = "oostubs", "oostubs.vcxproj", "{BBF4DDD9-B5AA-4FE1-B46B-3BB4E84EF47F}"
EndProject
Project("{8BC9CEB8-8B4A-11D0-8D11-00A0C91BC942}") = "run_normal", "run_normal.vcxproj", "{11E479CC-2A7F-42FC-8B1E-DDAB73434E12}"
	ProjectSection(ProjectDependencies) = postProject
		{BBF4DDD9-B5AA-4FE1-B46B-3BB4E84EF47F} = {BBF4DDD9-B5AA-4FE1-B46B-3BB4E84EF47F}
	EndProjectSection
EndProject
Project("{8BC9CEB8-8B4A-11D0-8D11-00A0C91BC942}") = "run_debug", "run_debug.vcxproj", "{5CDFA9B5-762A-49F5-AA26-A843258F5C57}"
	ProjectSection(ProjectDependencies) = postProject
		{BBF4DDD9-B5AA-4FE1-B46B-3BB4E84EF47F} = {BBF4DDD9-B5AA-4FE1-B46B-3BB4E84EF47F}
	EndProjectSection
EndProject
Project("{8BC9CEB8-8B4A-11D0-8D11-00A0C91BC942}") = "write_doc", "write_doc.vcxproj", "{EA735AA5-8DAD-4F2D-9007-F78D8A0EBCA5}"
EndProject
Project("{8BC9CEB8-8B4A-11D0-8D11-00A0C91BC942}") = "show_doc", "show_doc.vcxproj", "{3653DB03-9E81-4AAA-8CFC-519FBBF37BF5}"
	ProjectSection(ProjectDependencies) = postProject
		{EA735AA5-8DAD-4F2D-9007-F78D8A0EBCA5} = {EA735AA5-8DAD-4F2D-9007-F78D8A0EBCA5}
	EndProjectSection
EndProject
Global
	GlobalSection(SolutionConfigurationPlatforms) = preSolution
		oostubs|Win32 = oostubs|Win32
	EndGlobalSection
	GlobalSection(ProjectConfigurationPlatforms) = postSolution
		{BBF4DDD9-B5AA-4FE1-B46B-3BB4E84EF47F}.oostubs|Win32.ActiveCfg = oostubs|Win32
		{BBF4DDD9-B5AA-4FE1-B46B-3BB4E84EF47F}.oostubs|Win32.Build.0 = oostubs|Win32
		{11E479CC-2A7F-42FC-8B1E-DDAB73434E12}.oostubs|Win32.ActiveCfg = oostubs|Win32
		{5CDFA9B5-762A-49F5-AA26-A843258F5C57}.oostubs|Win32.ActiveCfg = oostubs|Win32
		{EA735AA5-8DAD-4F2D-9007-F78D8A0EBCA5}.oostubs|Win32.ActiveCfg = oostubs|Win32
		{EA735AA5-8DAD-4F2D-9007-F78D8A0EBCA5}.oostubs|Win32.Build.0 = oostubs|Win32
		{3653DB03-9E81-4AAA-8CFC-519FBBF37BF5}.oostubs|Win32.ActiveCfg = oostubs|Win32
	EndGlobalSection
	GlobalSection(SolutionProperties) = preSolution
		HideSolutionNode = FALSE
	EndGlobalSection
EndGlobal
